
Microsoft Visual Studio Solution File, Format Version 12.00
# Visual Studio Version 16
VisualStudioVersion = 16.0.28803.452
MinimumVisualStudioVersion = 10.0.40219.1
Project("{FAE04EC0-301F-11D3-BF4B-00C04F79EFBC}") = "DemoArrays", "DemoArrays\DemoArrays.csproj", "{EC3657F7-E046-418A-8B22-29C8E0F6B67D}"
EndProject
Project("{FAE04EC0-301F-11D3-BF4B-00C04F79EFBC}") = "Basic", "Basic\Basic.csproj", "{2A98BAD8-6D1C-4447-A6D8-8F743A0CD857}"
EndProject
Project("{2150E333-8FDC-42A3-9474-1A3956D46DE8}") = "Solution Items", "Solution Items", "{238EDC24-94C6-4B57-9564-8275290F3244}"
	ProjectSection(SolutionItems) = preProject
		Zadatci.txt = Zadatci.txt
	EndProjectSection
EndProject
Project("{FAE04EC0-301F-11D3-BF4B-00C04F79EFBC}") = "Generics", "Generics\Generics.csproj", "{0A861543-A16C-4B84-8B58-2C19E424C277}"
EndProject
Project("{FAE04EC0-301F-11D3-BF4B-00C04F79EFBC}") = "DemoXamarinForms.Android", "DemoXamarinForms\DemoXamarinForms.Android\DemoXamarinForms.Android.csproj", "{D5E8E0FF-D537-40BB-AE37-093FA41C084B}"
EndProject
Project("{9A19103F-16F7-4668-BE54-9A1E7A4F7556}") = "DemoXamarinForms", "DemoXamarinForms\DemoXamarinForms\DemoXamarinForms.csproj", "{A342755D-267E-486A-8896-F70AD24E6871}"
EndProject
Project("{2150E333-8FDC-42A3-9474-1A3956D46DE8}") = "CsharpDemos", "CsharpDemos", "{4EF92E6A-B5E5-4A5B-B1D7-56C59AE793F8}"
EndProject
Project("{2150E333-8FDC-42A3-9474-1A3956D46DE8}") = "XamarinFormsDemo", "XamarinFormsDemo", "{8096001A-C168-4C49-A273-7F4919148752}"
EndProject
Project("{2150E333-8FDC-42A3-9474-1A3956D46DE8}") = "XamarinFormsCalculator", "XamarinFormsCalculator", "{64EBB020-6D60-45D7-83E4-4B581CF3C834}"
	ProjectSection(SolutionItems) = preProject
		Calkulatrr\Calkulatrr.png = Calkulatrr\Calkulatrr.png
	EndProjectSection
EndProject
Project("{FAE04EC0-301F-11D3-BF4B-00C04F79EFBC}") = "Calkulatrr.Android", "Calkulatrr\Calkulatrr.Android\Calkulatrr.Android.csproj", "{7F910E81-E919-450E-A355-6B6E256F3447}"
EndProject
Project("{9A19103F-16F7-4668-BE54-9A1E7A4F7556}") = "Calkulatrr", "Calkulatrr\Calkulatrr\Calkulatrr.csproj", "{8EB61CA1-D621-473A-93B5-07B4BFB000BC}"
EndProject
Project("{2150E333-8FDC-42A3-9474-1A3956D46DE8}") = "XamarinFormsAdresar", "XamarinFormsAdresar", "{DE337137-6940-449E-B323-B4F160274904}"
	ProjectSection(SolutionItems) = preProject
		Struktura.txt = Struktura.txt
	EndProjectSection
EndProject
Project("{FAE04EC0-301F-11D3-BF4B-00C04F79EFBC}") = "Adresar.Android", "Adresar\Adresar.Android\Adresar.Android.csproj", "{D8034A02-A867-4D70-B957-6A910B846D6A}"
EndProject
Project("{9A19103F-16F7-4668-BE54-9A1E7A4F7556}") = "Adresar", "Adresar\Adresar\Adresar.csproj", "{33F6119B-58F3-490C-A9C3-1986AF7CC92D}"
EndProject
Project("{FAE04EC0-301F-11D3-BF4B-00C04F79EFBC}") = "Demo", "Demo\Demo.csproj", "{11607657-3A34-481B-9E29-52C16D639A09}"
EndProject
Global
	GlobalSection(SolutionConfigurationPlatforms) = preSolution
		Debug|Any CPU = Debug|Any CPU
		Release|Any CPU = Release|Any CPU
	EndGlobalSection
	GlobalSection(ProjectConfigurationPlatforms) = postSolution
		{EC3657F7-E046-418A-8B22-29C8E0F6B67D}.Debug|Any CPU.ActiveCfg = Debug|Any CPU
		{EC3657F7-E046-418A-8B22-29C8E0F6B67D}.Debug|Any CPU.Build.0 = Debug|Any CPU
		{EC3657F7-E046-418A-8B22-29C8E0F6B67D}.Release|Any CPU.ActiveCfg = Release|Any CPU
		{EC3657F7-E046-418A-8B22-29C8E0F6B67D}.Release|Any CPU.Build.0 = Release|Any CPU
		{2A98BAD8-6D1C-4447-A6D8-8F743A0CD857}.Debug|Any CPU.ActiveCfg = Debug|Any CPU
		{2A98BAD8-6D1C-4447-A6D8-8F743A0CD857}.Debug|Any CPU.Build.0 = Debug|Any CPU
		{2A98BAD8-6D1C-4447-A6D8-8F743A0CD857}.Release|Any CPU.ActiveCfg = Release|Any CPU
		{2A98BAD8-6D1C-4447-A6D8-8F743A0CD857}.Release|Any CPU.Build.0 = Release|Any CPU
		{0A861543-A16C-4B84-8B58-2C19E424C277}.Debug|Any CPU.ActiveCfg = Debug|Any CPU
		{0A861543-A16C-4B84-8B58-2C19E424C277}.Debug|Any CPU.Build.0 = Debug|Any CPU
		{0A861543-A16C-4B84-8B58-2C19E424C277}.Release|Any CPU.ActiveCfg = Release|Any CPU
		{0A861543-A16C-4B84-8B58-2C19E424C277}.Release|Any CPU.Build.0 = Release|Any CPU
		{D5E8E0FF-D537-40BB-AE37-093FA41C084B}.Debug|Any CPU.ActiveCfg = Debug|Any CPU
		{D5E8E0FF-D537-40BB-AE37-093FA41C084B}.Debug|Any CPU.Build.0 = Debug|Any CPU
		{D5E8E0FF-D537-40BB-AE37-093FA41C084B}.Debug|Any CPU.Deploy.0 = Debug|Any CPU
		{D5E8E0FF-D537-40BB-AE37-093FA41C084B}.Release|Any CPU.ActiveCfg = Release|Any CPU
		{D5E8E0FF-D537-40BB-AE37-093FA41C084B}.Release|Any CPU.Build.0 = Release|Any CPU
		{D5E8E0FF-D537-40BB-AE37-093FA41C084B}.Release|Any CPU.Deploy.0 = Release|Any CPU
		{A342755D-267E-486A-8896-F70AD24E6871}.Debug|Any CPU.ActiveCfg = Debug|Any CPU
		{A342755D-267E-486A-8896-F70AD24E6871}.Debug|Any CPU.Build.0 = Debug|Any CPU
		{A342755D-267E-486A-8896-F70AD24E6871}.Release|Any CPU.ActiveCfg = Release|Any CPU
		{A342755D-267E-486A-8896-F70AD24E6871}.Release|Any CPU.Build.0 = Release|Any CPU
		{7F910E81-E919-450E-A355-6B6E256F3447}.Debug|Any CPU.ActiveCfg = Debug|Any CPU
		{7F910E81-E919-450E-A355-6B6E256F3447}.Debug|Any CPU.Build.0 = Debug|Any CPU
		{7F910E81-E919-450E-A355-6B6E256F3447}.Debug|Any CPU.Deploy.0 = Debug|Any CPU
		{7F910E81-E919-450E-A355-6B6E256F3447}.Release|Any CPU.ActiveCfg = Release|Any CPU
		{7F910E81-E919-450E-A355-6B6E256F3447}.Release|Any CPU.Build.0 = Release|Any CPU
		{7F910E81-E919-450E-A355-6B6E256F3447}.Release|Any CPU.Deploy.0 = Release|Any CPU
		{8EB61CA1-D621-473A-93B5-07B4BFB000BC}.Debug|Any CPU.ActiveCfg = Debug|Any CPU
		{8EB61CA1-D621-473A-93B5-07B4BFB000BC}.Debug|Any CPU.Build.0 = Debug|Any CPU
		{8EB61CA1-D621-473A-93B5-07B4BFB000BC}.Release|Any CPU.ActiveCfg = Release|Any CPU
		{8EB61CA1-D621-473A-93B5-07B4BFB000BC}.Release|Any CPU.Build.0 = Release|Any CPU
		{D8034A02-A867-4D70-B957-6A910B846D6A}.Debug|Any CPU.ActiveCfg = Debug|Any CPU
		{D8034A02-A867-4D70-B957-6A910B846D6A}.Debug|Any CPU.Build.0 = Debug|Any CPU
		{D8034A02-A867-4D70-B957-6A910B846D6A}.Debug|Any CPU.Deploy.0 = Debug|Any CPU
		{D8034A02-A867-4D70-B957-6A910B846D6A}.Release|Any CPU.ActiveCfg = Release|Any CPU
		{D8034A02-A867-4D70-B957-6A910B846D6A}.Release|Any CPU.Build.0 = Release|Any CPU
		{D8034A02-A867-4D70-B957-6A910B846D6A}.Release|Any CPU.Deploy.0 = Release|Any CPU
		{33F6119B-58F3-490C-A9C3-1986AF7CC92D}.Debug|Any CPU.ActiveCfg = Debug|Any CPU
		{33F6119B-58F3-490C-A9C3-1986AF7CC92D}.Debug|Any CPU.Build.0 = Debug|Any CPU
		{33F6119B-58F3-490C-A9C3-1986AF7CC92D}.Release|Any CPU.ActiveCfg = Release|Any CPU
		{33F6119B-58F3-490C-A9C3-1986AF7CC92D}.Release|Any CPU.Build.0 = Release|Any CPU
		{11607657-3A34-481B-9E29-52C16D639A09}.Debug|Any CPU.ActiveCfg = Debug|Any CPU
		{11607657-3A34-481B-9E29-52C16D639A09}.Debug|Any CPU.Build.0 = Debug|Any CPU
		{11607657-3A34-481B-9E29-52C16D639A09}.Release|Any CPU.ActiveCfg = Release|Any CPU
		{11607657-3A34-481B-9E29-52C16D639A09}.Release|Any CPU.Build.0 = Release|Any CPU
	EndGlobalSection
	GlobalSection(SolutionProperties) = preSolution
		HideSolutionNode = FALSE
	EndGlobalSection
	GlobalSection(NestedProjects) = preSolution
		{EC3657F7-E046-418A-8B22-29C8E0F6B67D} = {4EF92E6A-B5E5-4A5B-B1D7-56C59AE793F8}
		{2A98BAD8-6D1C-4447-A6D8-8F743A0CD857} = {4EF92E6A-B5E5-4A5B-B1D7-56C59AE793F8}
		{0A861543-A16C-4B84-8B58-2C19E424C277} = {4EF92E6A-B5E5-4A5B-B1D7-56C59AE793F8}
		{D5E8E0FF-D537-40BB-AE37-093FA41C084B} = {8096001A-C168-4C49-A273-7F4919148752}
		{A342755D-267E-486A-8896-F70AD24E6871} = {8096001A-C168-4C49-A273-7F4919148752}
		{7F910E81-E919-450E-A355-6B6E256F3447} = {64EBB020-6D60-45D7-83E4-4B581CF3C834}
		{8EB61CA1-D621-473A-93B5-07B4BFB000BC} = {64EBB020-6D60-45D7-83E4-4B581CF3C834}
		{D8034A02-A867-4D70-B957-6A910B846D6A} = {DE337137-6940-449E-B323-B4F160274904}
		{33F6119B-58F3-490C-A9C3-1986AF7CC92D} = {DE337137-6940-449E-B323-B4F160274904}
		{11607657-3A34-481B-9E29-52C16D639A09} = {4EF92E6A-B5E5-4A5B-B1D7-56C59AE793F8}
	EndGlobalSection
	GlobalSection(ExtensibilityGlobals) = postSolution
		SolutionGuid = {DB10E072-BC8E-448D-BD13-FB33B04063A2}
	EndGlobalSection
EndGlobal
